{
  "name": "deploynpm",
  "version": "1.0.0",
  "lockfileVersion": 3,
  "requires": true,
  "packages": {
    "": {
      "name": "deploynpm",
      "version": "1.0.0",
      "license": "ISC",
      "dependencies": {
        "click-btn-q": "^1.0.0",
        "display-btn-q": "^1.0.1"
      }
    },
    "node_modules/click-btn-q": {
      "version": "1.0.0",
      "resolved": "https://registry.npmjs.org/click-btn-q/-/click-btn-q-1.0.0.tgz",
      "integrity": "sha512-pLnWkIIDJCePrrbYJvmhJru+M2yVRsU3j5j5iTWvQYA/Lg2OmoCydUlZsmmvyB/8jZ1nu0usVaLwcOfiSeqbvQ=="
    },
    "node_modules/display-btn-q": {
      "version": "1.0.1",
      "resolved": "https://registry.npmjs.org/display-btn-q/-/display-btn-q-1.0.1.tgz",
      "integrity": "sha512-BbCeN0UJQkGu3aQ5/7JvQ/GlIOqnl65tBPTz50g7O4fvS4DYmWTGsHB7wPxEw5IOGdgg1APLhX13BvYw1EsnYw=="
    }
  }
}
